
Microsoft Visual Studio Solution File, Format Version 12.00
# Visual Studio Version 17
VisualStudioVersion = 17.0.31903.59
MinimumVisualStudioVersion = 10.0.40219.1
Project("{2150E333-8FDC-42A3-9474-1A3956D46DE8}") = "test", "test", "{98AB8DB0-BFE2-4BC3-B9D4-91C016627E96}"
EndProject
Project("{2150E333-8FDC-42A3-9474-1A3956D46DE8}") = "examples", "examples", "{380D4DB8-7167-4D86-83A5-D88907D33823}"
EndProject
Project("{9A19103F-16F7-4668-BE54-9A1E7A4F7556}") = "Kuna.Projections.Worker.Kurrent_EF.Example", "examples\Kuna.Projections.Worker.Kurrent_EF.Example\Kuna.Projections.Worker.Kurrent_EF.Example.csproj", "{838FBBD6-EB57-44F8-A9F5-6F74B610FAFA}"
EndProject
Project("{FAE04EC0-301F-11D3-BF4B-00C04F79EFBC}") = "Kuna.Projections.Abstractions.Test", "test\Kuna.Projections.Abstractions.Test\Kuna.Projections.Abstractions.Test.csproj", "{3B62C7B0-7BAC-4D7A-98D2-32863028E36B}"
EndProject
Project("{FAE04EC0-301F-11D3-BF4B-00C04F79EFBC}") = "Kuna.Projections.Core.Test", "test\Kuna.Projections.Core.Test\Kuna.Projections.Core.Test.csproj", "{064C42BA-68C1-4A73-8F3E-E8860F83BA24}"
EndProject
Project("{FAE04EC0-301F-11D3-BF4B-00C04F79EFBC}") = "Kuna.Projections.Sink.EF.Test", "test\Kuna.Projections.Sink.EF.Test\Kuna.Projections.Sink.EF.Test.csproj", "{8671DD1C-2759-408D-AF06-CF46BF22BAE1}"
EndProject
Project("{FAE04EC0-301F-11D3-BF4B-00C04F79EFBC}") = "Kuna.Projections.Source.KurrentDB.Test", "test\Kuna.Projections.Source.KurrentDB.Test\Kuna.Projections.Source.KurrentDB.Test.csproj", "{F5700073-D429-48CC-9503-37B7DDE1BACA}"
EndProject
Project("{FAE04EC0-301F-11D3-BF4B-00C04F79EFBC}") = "Kuna.Projections.Sink.MongoDB.Test", "test\Kuna.Projections.Sink.MongoDB.Test\Kuna.Projections.Sink.MongoDB.Test.csproj", "{29567055-A669-4419-BEB1-10E48163E495}"
EndProject
Project("{2150E333-8FDC-42A3-9474-1A3956D46DE8}") = "tools", "tools", "{07C2787E-EAC7-C090-1BA3-A61EC2A24D84}"
EndProject
Project("{FAE04EC0-301F-11D3-BF4B-00C04F79EFBC}") = "Kuna.StreamGenerator", "tools\Kuna.StreamGenerator\Kuna.StreamGenerator.csproj", "{F698F07A-8ABD-4CD2-84CE-F75CD5672FA7}"
EndProject
Project("{FAE04EC0-301F-11D3-BF4B-00C04F79EFBC}") = "Kuna.Projections.Integration.Test", "test\Kuna.Projections.Integration.Test\Kuna.Projections.Integration.Test.csproj", "{409FA4CA-BA50-4732-8806-5504CE23F49C}"
EndProject
Project("{2150E333-8FDC-42A3-9474-1A3956D46DE8}") = "src", "src", "{0FE92A1C-A481-4AF5-B673-CAB946A3AA51}"
EndProject
Project("{FAE04EC0-301F-11D3-BF4B-00C04F79EFBC}") = "Kuna.Projections.Abstractions", "src\Kuna.Projections.Abstractions\Kuna.Projections.Abstractions.csproj", "{D774AEFB-78C9-40CD-971B-A842E353977C}"
EndProject
Project("{FAE04EC0-301F-11D3-BF4B-00C04F79EFBC}") = "Kuna.Projections.Core", "src\Kuna.Projections.Core\Kuna.Projections.Core.csproj", "{05B9CBDF-5F66-4DF2-916D-627F813810E2}"
EndProject
Project("{FAE04EC0-301F-11D3-BF4B-00C04F79EFBC}") = "Kuna.Projections.Sink.EF", "src\Kuna.Projections.Sink.EF\Kuna.Projections.Sink.EF.csproj", "{5E7A60F6-7692-450A-8BB1-B31A4323D0FC}"
EndProject
Project("{FAE04EC0-301F-11D3-BF4B-00C04F79EFBC}") = "Kuna.Projections.Sink.MongoDB", "src\Kuna.Projections.Sink.MongoDB\Kuna.Projections.Sink.MongoDB.csproj", "{8D45ACDE-1ECC-460A-8BBD-22A61EEF561E}"
EndProject
Project("{FAE04EC0-301F-11D3-BF4B-00C04F79EFBC}") = "Kuna.Projections.Source.KurrentDB", "src\Kuna.Projections.Source.KurrentDB\Kuna.Projections.Source.KurrentDB.csproj", "{047161E6-AC46-4797-9E35-C50C9461D960}"
EndProject
Project("{FAE04EC0-301F-11D3-BF4B-00C04F79EFBC}") = "Kuna.Projections.Worker.Kurrent_MongoDB.Example", "examples\Kuna.Projections.Worker.Kurrent_MongoDB.Example\Kuna.Projections.Worker.Kurrent_MongoDB.Example.csproj", "{AE7F35CB-25DC-4762-A2FA-73FC6A883AE6}"
EndProject
Global
	GlobalSection(SolutionConfigurationPlatforms) = preSolution
		Debug|Any CPU = Debug|Any CPU
		Debug|x64 = Debug|x64
		Debug|x86 = Debug|x86
		Release|Any CPU = Release|Any CPU
		Release|x64 = Release|x64
		Release|x86 = Release|x86
	EndGlobalSection
	GlobalSection(ProjectConfigurationPlatforms) = postSolution
		{838FBBD6-EB57-44F8-A9F5-6F74B610FAFA}.Debug|Any CPU.ActiveCfg = Debug|Any CPU
		{838FBBD6-EB57-44F8-A9F5-6F74B610FAFA}.Debug|Any CPU.Build.0 = Debug|Any CPU
		{838FBBD6-EB57-44F8-A9F5-6F74B610FAFA}.Debug|x64.ActiveCfg = Debug|Any CPU
		{838FBBD6-EB57-44F8-A9F5-6F74B610FAFA}.Debug|x64.Build.0 = Debug|Any CPU
		{838FBBD6-EB57-44F8-A9F5-6F74B610FAFA}.Debug|x86.ActiveCfg = Debug|Any CPU
		{838FBBD6-EB57-44F8-A9F5-6F74B610FAFA}.Debug|x86.Build.0 = Debug|Any CPU
		{838FBBD6-EB57-44F8-A9F5-6F74B610FAFA}.Release|Any CPU.ActiveCfg = Release|Any CPU
		{838FBBD6-EB57-44F8-A9F5-6F74B610FAFA}.Release|Any CPU.Build.0 = Release|Any CPU
		{838FBBD6-EB57-44F8-A9F5-6F74B610FAFA}.Release|x64.ActiveCfg = Release|Any CPU
		{838FBBD6-EB57-44F8-A9F5-6F74B610FAFA}.Release|x64.Build.0 = Release|Any CPU
		{838FBBD6-EB57-44F8-A9F5-6F74B610FAFA}.Release|x86.ActiveCfg = Release|Any CPU
		{838FBBD6-EB57-44F8-A9F5-6F74B610FAFA}.Release|x86.Build.0 = Release|Any CPU
		{3B62C7B0-7BAC-4D7A-98D2-32863028E36B}.Debug|Any CPU.ActiveCfg = Debug|Any CPU
		{3B62C7B0-7BAC-4D7A-98D2-32863028E36B}.Debug|Any CPU.Build.0 = Debug|Any CPU
		{3B62C7B0-7BAC-4D7A-98D2-32863028E36B}.Debug|x64.ActiveCfg = Debug|Any CPU
		{3B62C7B0-7BAC-4D7A-98D2-32863028E36B}.Debug|x64.Build.0 = Debug|Any CPU
		{3B62C7B0-7BAC-4D7A-98D2-32863028E36B}.Debug|x86.ActiveCfg = Debug|Any CPU
		{3B62C7B0-7BAC-4D7A-98D2-32863028E36B}.Debug|x86.Build.0 = Debug|Any CPU
		{3B62C7B0-7BAC-4D7A-98D2-32863028E36B}.Release|Any CPU.ActiveCfg = Release|Any CPU
		{3B62C7B0-7BAC-4D7A-98D2-32863028E36B}.Release|Any CPU.Build.0 = Release|Any CPU
		{3B62C7B0-7BAC-4D7A-98D2-32863028E36B}.Release|x64.ActiveCfg = Release|Any CPU
		{3B62C7B0-7BAC-4D7A-98D2-32863028E36B}.Release|x64.Build.0 = Release|Any CPU
		{3B62C7B0-7BAC-4D7A-98D2-32863028E36B}.Release|x86.ActiveCfg = Release|Any CPU
		{3B62C7B0-7BAC-4D7A-98D2-32863028E36B}.Release|x86.Build.0 = Release|Any CPU
		{064C42BA-68C1-4A73-8F3E-E8860F83BA24}.Debug|Any CPU.ActiveCfg = Debug|Any CPU
		{064C42BA-68C1-4A73-8F3E-E8860F83BA24}.Debug|Any CPU.Build.0 = Debug|Any CPU
		{064C42BA-68C1-4A73-8F3E-E8860F83BA24}.Debug|x64.ActiveCfg = Debug|Any CPU
		{064C42BA-68C1-4A73-8F3E-E8860F83BA24}.Debug|x64.Build.0 = Debug|Any CPU
		{064C42BA-68C1-4A73-8F3E-E8860F83BA24}.Debug|x86.ActiveCfg = Debug|Any CPU
		{064C42BA-68C1-4A73-8F3E-E8860F83BA24}.Debug|x86.Build.0 = Debug|Any CPU
		{064C42BA-68C1-4A73-8F3E-E8860F83BA24}.Release|Any CPU.ActiveCfg = Release|Any CPU
		{064C42BA-68C1-4A73-8F3E-E8860F83BA24}.Release|Any CPU.Build.0 = Release|Any CPU
		{064C42BA-68C1-4A73-8F3E-E8860F83BA24}.Release|x64.ActiveCfg = Release|Any CPU
		{064C42BA-68C1-4A73-8F3E-E8860F83BA24}.Release|x64.Build.0 = Release|Any CPU
		{064C42BA-68C1-4A73-8F3E-E8860F83BA24}.Release|x86.ActiveCfg = Release|Any CPU
		{064C42BA-68C1-4A73-8F3E-E8860F83BA24}.Release|x86.Build.0 = Release|Any CPU
		{8671DD1C-2759-408D-AF06-CF46BF22BAE1}.Debug|Any CPU.ActiveCfg = Debug|Any CPU
		{8671DD1C-2759-408D-AF06-CF46BF22BAE1}.Debug|Any CPU.Build.0 = Debug|Any CPU
		{8671DD1C-2759-408D-AF06-CF46BF22BAE1}.Debug|x64.ActiveCfg = Debug|Any CPU
		{8671DD1C-2759-408D-AF06-CF46BF22BAE1}.Debug|x64.Build.0 = Debug|Any CPU
		{8671DD1C-2759-408D-AF06-CF46BF22BAE1}.Debug|x86.ActiveCfg = Debug|Any CPU
		{8671DD1C-2759-408D-AF06-CF46BF22BAE1}.Debug|x86.Build.0 = Debug|Any CPU
		{8671DD1C-2759-408D-AF06-CF46BF22BAE1}.Release|Any CPU.ActiveCfg = Release|Any CPU
		{8671DD1C-2759-408D-AF06-CF46BF22BAE1}.Release|Any CPU.Build.0 = Release|Any CPU
		{8671DD1C-2759-408D-AF06-CF46BF22BAE1}.Release|x64.ActiveCfg = Release|Any CPU
		{8671DD1C-2759-408D-AF06-CF46BF22BAE1}.Release|x64.Build.0 = Release|Any CPU
		{8671DD1C-2759-408D-AF06-CF46BF22BAE1}.Release|x86.ActiveCfg = Release|Any CPU
		{8671DD1C-2759-408D-AF06-CF46BF22BAE1}.Release|x86.Build.0 = Release|Any CPU
		{F5700073-D429-48CC-9503-37B7DDE1BACA}.Debug|Any CPU.ActiveCfg = Debug|Any CPU
		{F5700073-D429-48CC-9503-37B7DDE1BACA}.Debug|Any CPU.Build.0 = Debug|Any CPU
		{F5700073-D429-48CC-9503-37B7DDE1BACA}.Debug|x64.ActiveCfg = Debug|Any CPU
		{F5700073-D429-48CC-9503-37B7DDE1BACA}.Debug|x64.Build.0 = Debug|Any CPU
		{F5700073-D429-48CC-9503-37B7DDE1BACA}.Debug|x86.ActiveCfg = Debug|Any CPU
		{F5700073-D429-48CC-9503-37B7DDE1BACA}.Debug|x86.Build.0 = Debug|Any CPU
		{F5700073-D429-48CC-9503-37B7DDE1BACA}.Release|Any CPU.ActiveCfg = Release|Any CPU
		{F5700073-D429-48CC-9503-37B7DDE1BACA}.Release|Any CPU.Build.0 = Release|Any CPU
		{F5700073-D429-48CC-9503-37B7DDE1BACA}.Release|x64.ActiveCfg = Release|Any CPU
		{F5700073-D429-48CC-9503-37B7DDE1BACA}.Release|x64.Build.0 = Release|Any CPU
		{F5700073-D429-48CC-9503-37B7DDE1BACA}.Release|x86.ActiveCfg = Release|Any CPU
		{F5700073-D429-48CC-9503-37B7DDE1BACA}.Release|x86.Build.0 = Release|Any CPU
		{29567055-A669-4419-BEB1-10E48163E495}.Debug|Any CPU.ActiveCfg = Debug|Any CPU
		{29567055-A669-4419-BEB1-10E48163E495}.Debug|Any CPU.Build.0 = Debug|Any CPU
		{29567055-A669-4419-BEB1-10E48163E495}.Debug|x64.ActiveCfg = Debug|Any CPU
		{29567055-A669-4419-BEB1-10E48163E495}.Debug|x64.Build.0 = Debug|Any CPU
		{29567055-A669-4419-BEB1-10E48163E495}.Debug|x86.ActiveCfg = Debug|Any CPU
		{29567055-A669-4419-BEB1-10E48163E495}.Debug|x86.Build.0 = Debug|Any CPU
		{29567055-A669-4419-BEB1-10E48163E495}.Release|Any CPU.ActiveCfg = Release|Any CPU
		{29567055-A669-4419-BEB1-10E48163E495}.Release|Any CPU.Build.0 = Release|Any CPU
		{29567055-A669-4419-BEB1-10E48163E495}.Release|x64.ActiveCfg = Release|Any CPU
		{29567055-A669-4419-BEB1-10E48163E495}.Release|x64.Build.0 = Release|Any CPU
		{29567055-A669-4419-BEB1-10E48163E495}.Release|x86.ActiveCfg = Release|Any CPU
		{29567055-A669-4419-BEB1-10E48163E495}.Release|x86.Build.0 = Release|Any CPU
		{F698F07A-8ABD-4CD2-84CE-F75CD5672FA7}.Debug|Any CPU.ActiveCfg = Debug|Any CPU
		{F698F07A-8ABD-4CD2-84CE-F75CD5672FA7}.Debug|Any CPU.Build.0 = Debug|Any CPU
		{F698F07A-8ABD-4CD2-84CE-F75CD5672FA7}.Debug|x64.ActiveCfg = Debug|Any CPU
		{F698F07A-8ABD-4CD2-84CE-F75CD5672FA7}.Debug|x64.Build.0 = Debug|Any CPU
		{F698F07A-8ABD-4CD2-84CE-F75CD5672FA7}.Debug|x86.ActiveCfg = Debug|Any CPU
		{F698F07A-8ABD-4CD2-84CE-F75CD5672FA7}.Debug|x86.Build.0 = Debug|Any CPU
		{F698F07A-8ABD-4CD2-84CE-F75CD5672FA7}.Release|Any CPU.ActiveCfg = Release|Any CPU
		{F698F07A-8ABD-4CD2-84CE-F75CD5672FA7}.Release|Any CPU.Build.0 = Release|Any CPU
		{F698F07A-8ABD-4CD2-84CE-F75CD5672FA7}.Release|x64.ActiveCfg = Release|Any CPU
		{F698F07A-8ABD-4CD2-84CE-F75CD5672FA7}.Release|x64.Build.0 = Release|Any CPU
		{F698F07A-8ABD-4CD2-84CE-F75CD5672FA7}.Release|x86.ActiveCfg = Release|Any CPU
		{F698F07A-8ABD-4CD2-84CE-F75CD5672FA7}.Release|x86.Build.0 = Release|Any CPU
		{409FA4CA-BA50-4732-8806-5504CE23F49C}.Debug|Any CPU.ActiveCfg = Debug|Any CPU
		{409FA4CA-BA50-4732-8806-5504CE23F49C}.Debug|Any CPU.Build.0 = Debug|Any CPU
		{409FA4CA-BA50-4732-8806-5504CE23F49C}.Debug|x64.ActiveCfg = Debug|Any CPU
		{409FA4CA-BA50-4732-8806-5504CE23F49C}.Debug|x64.Build.0 = Debug|Any CPU
		{409FA4CA-BA50-4732-8806-5504CE23F49C}.Debug|x86.ActiveCfg = Debug|Any CPU
		{409FA4CA-BA50-4732-8806-5504CE23F49C}.Debug|x86.Build.0 = Debug|Any CPU
		{409FA4CA-BA50-4732-8806-5504CE23F49C}.Release|Any CPU.ActiveCfg = Release|Any CPU
		{409FA4CA-BA50-4732-8806-5504CE23F49C}.Release|Any CPU.Build.0 = Release|Any CPU
		{409FA4CA-BA50-4732-8806-5504CE23F49C}.Release|x64.ActiveCfg = Release|Any CPU
		{409FA4CA-BA50-4732-8806-5504CE23F49C}.Release|x64.Build.0 = Release|Any CPU
		{409FA4CA-BA50-4732-8806-5504CE23F49C}.Release|x86.ActiveCfg = Release|Any CPU
		{409FA4CA-BA50-4732-8806-5504CE23F49C}.Release|x86.Build.0 = Release|Any CPU
		{D774AEFB-78C9-40CD-971B-A842E353977C}.Debug|Any CPU.ActiveCfg = Debug|Any CPU
		{D774AEFB-78C9-40CD-971B-A842E353977C}.Debug|Any CPU.Build.0 = Debug|Any CPU
		{D774AEFB-78C9-40CD-971B-A842E353977C}.Debug|x64.ActiveCfg = Debug|Any CPU
		{D774AEFB-78C9-40CD-971B-A842E353977C}.Debug|x64.Build.0 = Debug|Any CPU
		{D774AEFB-78C9-40CD-971B-A842E353977C}.Debug|x86.ActiveCfg = Debug|Any CPU
		{D774AEFB-78C9-40CD-971B-A842E353977C}.Debug|x86.Build.0 = Debug|Any CPU
		{D774AEFB-78C9-40CD-971B-A842E353977C}.Release|Any CPU.ActiveCfg = Release|Any CPU
		{D774AEFB-78C9-40CD-971B-A842E353977C}.Release|Any CPU.Build.0 = Release|Any CPU
		{D774AEFB-78C9-40CD-971B-A842E353977C}.Release|x64.ActiveCfg = Release|Any CPU
		{D774AEFB-78C9-40CD-971B-A842E353977C}.Release|x64.Build.0 = Release|Any CPU
		{D774AEFB-78C9-40CD-971B-A842E353977C}.Release|x86.ActiveCfg = Release|Any CPU
		{D774AEFB-78C9-40CD-971B-A842E353977C}.Release|x86.Build.0 = Release|Any CPU
		{05B9CBDF-5F66-4DF2-916D-627F813810E2}.Debug|Any CPU.ActiveCfg = Debug|Any CPU
		{05B9CBDF-5F66-4DF2-916D-627F813810E2}.Debug|Any CPU.Build.0 = Debug|Any CPU
		{05B9CBDF-5F66-4DF2-916D-627F813810E2}.Debug|x64.ActiveCfg = Debug|Any CPU
		{05B9CBDF-5F66-4DF2-916D-627F813810E2}.Debug|x64.Build.0 = Debug|Any CPU
		{05B9CBDF-5F66-4DF2-916D-627F813810E2}.Debug|x86.ActiveCfg = Debug|Any CPU
		{05B9CBDF-5F66-4DF2-916D-627F813810E2}.Debug|x86.Build.0 = Debug|Any CPU
		{05B9CBDF-5F66-4DF2-916D-627F813810E2}.Release|Any CPU.ActiveCfg = Release|Any CPU
		{05B9CBDF-5F66-4DF2-916D-627F813810E2}.Release|Any CPU.Build.0 = Release|Any CPU
		{05B9CBDF-5F66-4DF2-916D-627F813810E2}.Release|x64.ActiveCfg = Release|Any CPU
		{05B9CBDF-5F66-4DF2-916D-627F813810E2}.Release|x64.Build.0 = Release|Any CPU
		{05B9CBDF-5F66-4DF2-916D-627F813810E2}.Release|x86.ActiveCfg = Release|Any CPU
		{05B9CBDF-5F66-4DF2-916D-627F813810E2}.Release|x86.Build.0 = Release|Any CPU
		{5E7A60F6-7692-450A-8BB1-B31A4323D0FC}.Debug|Any CPU.ActiveCfg = Debug|Any CPU
		{5E7A60F6-7692-450A-8BB1-B31A4323D0FC}.Debug|Any CPU.Build.0 = Debug|Any CPU
		{5E7A60F6-7692-450A-8BB1-B31A4323D0FC}.Debug|x64.ActiveCfg = Debug|Any CPU
		{5E7A60F6-7692-450A-8BB1-B31A4323D0FC}.Debug|x64.Build.0 = Debug|Any CPU
		{5E7A60F6-7692-450A-8BB1-B31A4323D0FC}.Debug|x86.ActiveCfg = Debug|Any CPU
		{5E7A60F6-7692-450A-8BB1-B31A4323D0FC}.Debug|x86.Build.0 = Debug|Any CPU
		{5E7A60F6-7692-450A-8BB1-B31A4323D0FC}.Release|Any CPU.ActiveCfg = Release|Any CPU
		{5E7A60F6-7692-450A-8BB1-B31A4323D0FC}.Release|Any CPU.Build.0 = Release|Any CPU
		{5E7A60F6-7692-450A-8BB1-B31A4323D0FC}.Release|x64.ActiveCfg = Release|Any CPU
		{5E7A60F6-7692-450A-8BB1-B31A4323D0FC}.Release|x64.Build.0 = Release|Any CPU
		{5E7A60F6-7692-450A-8BB1-B31A4323D0FC}.Release|x86.ActiveCfg = Release|Any CPU
		{5E7A60F6-7692-450A-8BB1-B31A4323D0FC}.Release|x86.Build.0 = Release|Any CPU
		{8D45ACDE-1ECC-460A-8BBD-22A61EEF561E}.Debug|Any CPU.ActiveCfg = Debug|Any CPU
		{8D45ACDE-1ECC-460A-8BBD-22A61EEF561E}.Debug|Any CPU.Build.0 = Debug|Any CPU
		{8D45ACDE-1ECC-460A-8BBD-22A61EEF561E}.Debug|x64.ActiveCfg = Debug|Any CPU
		{8D45ACDE-1ECC-460A-8BBD-22A61EEF561E}.Debug|x64.Build.0 = Debug|Any CPU
		{8D45ACDE-1ECC-460A-8BBD-22A61EEF561E}.Debug|x86.ActiveCfg = Debug|Any CPU
		{8D45ACDE-1ECC-460A-8BBD-22A61EEF561E}.Debug|x86.Build.0 = Debug|Any CPU
		{8D45ACDE-1ECC-460A-8BBD-22A61EEF561E}.Release|Any CPU.ActiveCfg = Release|Any CPU
		{8D45ACDE-1ECC-460A-8BBD-22A61EEF561E}.Release|Any CPU.Build.0 = Release|Any CPU
		{8D45ACDE-1ECC-460A-8BBD-22A61EEF561E}.Release|x64.ActiveCfg = Release|Any CPU
		{8D45ACDE-1ECC-460A-8BBD-22A61EEF561E}.Release|x64.Build.0 = Release|Any CPU
		{8D45ACDE-1ECC-460A-8BBD-22A61EEF561E}.Release|x86.ActiveCfg = Release|Any CPU
		{8D45ACDE-1ECC-460A-8BBD-22A61EEF561E}.Release|x86.Build.0 = Release|Any CPU
		{047161E6-AC46-4797-9E35-C50C9461D960}.Debug|Any CPU.ActiveCfg = Debug|Any CPU
		{047161E6-AC46-4797-9E35-C50C9461D960}.Debug|Any CPU.Build.0 = Debug|Any CPU
		{047161E6-AC46-4797-9E35-C50C9461D960}.Debug|x64.ActiveCfg = Debug|Any CPU
		{047161E6-AC46-4797-9E35-C50C9461D960}.Debug|x64.Build.0 = Debug|Any CPU
		{047161E6-AC46-4797-9E35-C50C9461D960}.Debug|x86.ActiveCfg = Debug|Any CPU
		{047161E6-AC46-4797-9E35-C50C9461D960}.Debug|x86.Build.0 = Debug|Any CPU
		{047161E6-AC46-4797-9E35-C50C9461D960}.Release|Any CPU.ActiveCfg = Release|Any CPU
		{047161E6-AC46-4797-9E35-C50C9461D960}.Release|Any CPU.Build.0 = Release|Any CPU
		{047161E6-AC46-4797-9E35-C50C9461D960}.Release|x64.ActiveCfg = Release|Any CPU
		{047161E6-AC46-4797-9E35-C50C9461D960}.Release|x64.Build.0 = Release|Any CPU
		{047161E6-AC46-4797-9E35-C50C9461D960}.Release|x86.ActiveCfg = Release|Any CPU
		{047161E6-AC46-4797-9E35-C50C9461D960}.Release|x86.Build.0 = Release|Any CPU
		{AE7F35CB-25DC-4762-A2FA-73FC6A883AE6}.Debug|Any CPU.ActiveCfg = Debug|Any CPU
		{AE7F35CB-25DC-4762-A2FA-73FC6A883AE6}.Debug|Any CPU.Build.0 = Debug|Any CPU
		{AE7F35CB-25DC-4762-A2FA-73FC6A883AE6}.Debug|x64.ActiveCfg = Debug|Any CPU
		{AE7F35CB-25DC-4762-A2FA-73FC6A883AE6}.Debug|x64.Build.0 = Debug|Any CPU
		{AE7F35CB-25DC-4762-A2FA-73FC6A883AE6}.Debug|x86.ActiveCfg = Debug|Any CPU
		{AE7F35CB-25DC-4762-A2FA-73FC6A883AE6}.Debug|x86.Build.0 = Debug|Any CPU
		{AE7F35CB-25DC-4762-A2FA-73FC6A883AE6}.Release|Any CPU.ActiveCfg = Release|Any CPU
		{AE7F35CB-25DC-4762-A2FA-73FC6A883AE6}.Release|Any CPU.Build.0 = Release|Any CPU
		{AE7F35CB-25DC-4762-A2FA-73FC6A883AE6}.Release|x64.ActiveCfg = Release|Any CPU
		{AE7F35CB-25DC-4762-A2FA-73FC6A883AE6}.Release|x64.Build.0 = Release|Any CPU
		{AE7F35CB-25DC-4762-A2FA-73FC6A883AE6}.Release|x86.ActiveCfg = Release|Any CPU
		{AE7F35CB-25DC-4762-A2FA-73FC6A883AE6}.Release|x86.Build.0 = Release|Any CPU
	EndGlobalSection
	GlobalSection(SolutionProperties) = preSolution
		HideSolutionNode = FALSE
	EndGlobalSection
	GlobalSection(NestedProjects) = preSolution
		{838FBBD6-EB57-44F8-A9F5-6F74B610FAFA} = {380D4DB8-7167-4D86-83A5-D88907D33823}
		{3B62C7B0-7BAC-4D7A-98D2-32863028E36B} = {98AB8DB0-BFE2-4BC3-B9D4-91C016627E96}
		{064C42BA-68C1-4A73-8F3E-E8860F83BA24} = {98AB8DB0-BFE2-4BC3-B9D4-91C016627E96}
		{8671DD1C-2759-408D-AF06-CF46BF22BAE1} = {98AB8DB0-BFE2-4BC3-B9D4-91C016627E96}
		{F5700073-D429-48CC-9503-37B7DDE1BACA} = {98AB8DB0-BFE2-4BC3-B9D4-91C016627E96}
		{29567055-A669-4419-BEB1-10E48163E495} = {98AB8DB0-BFE2-4BC3-B9D4-91C016627E96}
		{F698F07A-8ABD-4CD2-84CE-F75CD5672FA7} = {07C2787E-EAC7-C090-1BA3-A61EC2A24D84}
		{409FA4CA-BA50-4732-8806-5504CE23F49C} = {98AB8DB0-BFE2-4BC3-B9D4-91C016627E96}
		{D774AEFB-78C9-40CD-971B-A842E353977C} = {0FE92A1C-A481-4AF5-B673-CAB946A3AA51}
		{05B9CBDF-5F66-4DF2-916D-627F813810E2} = {0FE92A1C-A481-4AF5-B673-CAB946A3AA51}
		{5E7A60F6-7692-450A-8BB1-B31A4323D0FC} = {0FE92A1C-A481-4AF5-B673-CAB946A3AA51}
		{8D45ACDE-1ECC-460A-8BBD-22A61EEF561E} = {0FE92A1C-A481-4AF5-B673-CAB946A3AA51}
		{047161E6-AC46-4797-9E35-C50C9461D960} = {0FE92A1C-A481-4AF5-B673-CAB946A3AA51}
		{AE7F35CB-25DC-4762-A2FA-73FC6A883AE6} = {380D4DB8-7167-4D86-83A5-D88907D33823}
	EndGlobalSection
	GlobalSection(ExtensibilityGlobals) = postSolution
		SolutionGuid = {EA646200-29CD-434E-9EA1-061533A1EECA}
	EndGlobalSection
EndGlobal
